{
  "schema_version": "venturalitica.ai/v1alpha1",
  "program_uid": "5ed24519-7b64-5947-b7b9-5693f9fbdc0e",
  "triple": {
    "code": "da4caf0d9e503bf42f0196b2e50b822e2975e47c",
    "model": "gradient-boosting:seed=42",
    "dataset": ""
  },
  "sections": {
    "classification": {
      "status": "valid",
      "input_hash": "sha256:243fe09f8164419d3accaf190b2a5c83fe34ed07fe24fd0af391bb4106fb8220",
      "edge_type": "scope"
    },
    "data_governance": {
      "status": "valid",
      "input_hash": "sha256:11d88e9f71a1a121cbabe52c6c733267da5ed12e928283695ca2c337b478d920",
      "edge_type": "data"
    },
    "measurement-data": {
      "status": "valid",
      "input_hash": "sha256:e3b0c44298fc1c149afbf4c8996fb92427ae41e4649b934ca495991b7852b855",
      "edge_type": "data"
    },
    "measurement-model": {
      "status": "valid",
      "input_hash": "sha256:000bf7b990d4d8c62cd2412da3d33eaaa235d60cd102527ce7ecd70ec48f6cbe",
      "edge_type": "impl"
    },
    "risks": {
      "status": "valid",
      "input_hash": "sha256:243fe09f8164419d3accaf190b2a5c83fe34ed07fe24fd0af391bb4106fb8220",
      "edge_type": "scope"
    }
  },
  "signed_bundle_digest": "{\"payload\":\"eyJfdHlwZSI6Imh0dHBzOi8vaW4tdG90by5pby9TdGF0ZW1lbnQvdjEiLCJwcmVkaWNhdGUiOnsic3RhdGVtZW50X3ZlcnNpb24iOjEsInRvb2wiOiJmcm9nYSJ9LCJwcmVkaWNhdGVUeXBlIjoiaHR0cHM6Ly92ZW50dXJhbGl0aWNhLmFpL2F0dGVzdGF0aW9uL3YxIiwic3ViamVjdCI6W3siZGlnZXN0Ijp7InNoYTI1NiI6Ijc3YjY0ZTcxYzcwNTQwMTY4MDhkNzk4MTRkMjM0ZTczZGZlOWQ2YzVkYTA2ZTIxMmM3MGY1M2M4MWE4MmU2NzQifSwibmFtZSI6ImJ1bmRsZS5qc29uIn1dfQ==\",\"payloadType\":\"application/vnd.in-toto+json\",\"signatures\":[{\"keyid\":\"9a22033e7f1b05d29382456cd7799e73a46364f247e89d51862c5acb9c1a38e6\",\"sig\":\"tQa1AJ8kgaMiqPy3e1eYUHdGX50Iqskf38y/bGijKjZpRjfD+cC2IE+sB/ySc8DtwXnkiQo3vpxORnDv0eBjEA==\"}]}"
}