{
  "schema_version": "venturalitica.ai/v1alpha1",
  "program_uid": "5ed24519-7b64-5947-b7b9-5693f9fbdc0e",
  "triple": {
    "code": "531a21c46f87597926e9993e1a5d4437c43c5af1",
    "model": "gradient-boosting:seed=42",
    "dataset": ""
  },
  "sections": {
    "classification": {
      "status": "valid",
      "input_hash": "sha256:243fe09f8164419d3accaf190b2a5c83fe34ed07fe24fd0af391bb4106fb8220",
      "edge_type": "scope"
    },
    "data_governance": {
      "status": "valid",
      "input_hash": "sha256:11d88e9f71a1a121cbabe52c6c733267da5ed12e928283695ca2c337b478d920",
      "edge_type": "data"
    },
    "measurement-data": {
      "status": "valid",
      "input_hash": "sha256:e3b0c44298fc1c149afbf4c8996fb92427ae41e4649b934ca495991b7852b855",
      "edge_type": "data"
    },
    "measurement-model": {
      "status": "valid",
      "input_hash": "sha256:7d060e492060cfe26f810ff82f4974ce2ab25f7dfc7b9af82f58b7925e2e58b3",
      "edge_type": "impl"
    },
    "risks": {
      "status": "valid",
      "input_hash": "sha256:243fe09f8164419d3accaf190b2a5c83fe34ed07fe24fd0af391bb4106fb8220",
      "edge_type": "scope"
    }
  },
  "signed_bundle_digest": "{\"payload\":\"eyJfdHlwZSI6Imh0dHBzOi8vaW4tdG90by5pby9TdGF0ZW1lbnQvdjEiLCJwcmVkaWNhdGUiOnsic3RhdGVtZW50X3ZlcnNpb24iOjEsInRvb2wiOiJmcm9nYSJ9LCJwcmVkaWNhdGVUeXBlIjoiaHR0cHM6Ly92ZW50dXJhbGl0aWNhLmFpL2F0dGVzdGF0aW9uL3YxIiwic3ViamVjdCI6W3siZGlnZXN0Ijp7InNoYTI1NiI6IjcwZWQ2NWYxYjM3ZTRkODdiODI3MjVjNjUxY2MxMTdjNjEzZDdiZTM0OTlmMTU4NDNiYTk4MGIzMDY1ZTRiZmIifSwibmFtZSI6ImJ1bmRsZS5qc29uIn1dfQ==\",\"payloadType\":\"application/vnd.in-toto+json\",\"signatures\":[{\"keyid\":\"9a22033e7f1b05d29382456cd7799e73a46364f247e89d51862c5acb9c1a38e6\",\"sig\":\"PV0T1ipWAvaGwG+hZVq1E02IBBp/TN2zNg/L+Z1gQzpn/whrCHK0nmcQrqj2CvEHR0uSyRGRDle/U8A+4ZEedw==\"}]}"
}